// !$*UTF8*$!
{
	archiveVersion = 1;
	classes = {
	};
	objectVersion = 46;
	objects = {

/* Begin PBXBuildFile section */
		7AF872771B59D19100F9E959 /* AppDelegate.swift in Sources */ = {isa = PBXBuildFile; fileRef = 7AF872761B59D19100F9E959 /* AppDelegate.swift */; };
		7AF872791B59D19100F9E959 /* ViewController.swift in Sources */ = {isa = PBXBuildFile; fileRef = 7AF872781B59D19100F9E959 /* ViewController.swift */; };
		7AF8727C1B59D19100F9E959 /* Main.storyboard in Resources */ = {isa = PBXBuildFile; fileRef = 7AF8727A1B59D19100F9E959 /* Main.storyboard */; };
		7AF8727E1B59D19100F9E959 /* Images.xcassets in Resources */ = {isa = PBXBuildFile; fileRef = 7AF8727D1B59D19100F9E959 /* Images.xcassets */; };
		7AF872811B59D19100F9E959 /* LaunchScreen.xib in Resources */ = {isa = PBXBuildFile; fileRef = 7AF8727F1B59D19100F9E959 /* LaunchScreen.xib */; };
		7AF8728D1B59D19100F9E959 /* DrawTextTests.swift in Sources */ = {isa = PBXBuildFile; fileRef = 7AF8728C1B59D19100F9E959 /* DrawTextTests.swift */; };
		7AF872971B5A248E00F9E959 /* NSString.swift in Sources */ = {isa = PBXBuildFile; fileRef = 7AF872961B5A248E00F9E959 /* NSString.swift */; };
/* End PBXBuildFile section */

/* Begin PBXContainerItemProxy section */
		7AF872871B59D19100F9E959 /* PBXContainerItemProxy */ = {
			isa = PBXContainerItemProxy;
			containerPortal = 7AF872691B59D19100F9E959 /* Project object */;
			proxyType = 1;
			remoteGlobalIDString = 7AF872701B59D19100F9E959;
			remoteInfo = DrawText;
		};
/* End PBXContainerItemProxy section */

/* Begin PBXFileReference section */
		7AF872711B59D19100F9E959 /* DrawText.app */ = {isa = PBXFileReference; explicitFileType = wrapper.application; includeInIndex = 0; path = DrawText.app; sourceTree = BUILT_PRODUCTS_DIR; };
		7AF872751B59D19100F9E959 /* Info.plist */ = {isa = PBXFileReference; lastKnownFileType = text.plist.xml; path = Info.plist; sourceTree = "<group>"; };
		7AF872761B59D19100F9E959 /* AppDelegate.swift */ = {isa = PBXFileReference; lastKnownFileType = sourcecode.swift; path = AppDelegate.swift; sourceTree = "<group>"; };
		7AF872781B59D19100F9E959 /* ViewController.swift */ = {isa = PBXFileReference; lastKnownFileType = sourcecode.swift; path = ViewController.swift; sourceTree = "<group>"; };
		7AF8727B1B59D19100F9E959 /* Base */ = {isa = PBXFileReference; lastKnownFileType = file.storyboard; name = Base; path = Base.lproj/Main.storyboard; sourceTree = "<group>"; };
		7AF8727D1B59D19100F9E959 /* Images.xcassets */ = {isa = PBXFileReference; lastKnownFileType = folder.assetcatalog; path = Images.xcassets; sourceTree = "<group>"; };
		7AF872801B59D19100F9E959 /* Base */ = {isa = PBXFileReference; lastKnownFileType = file.xib; name = Base; path = Base.lproj/LaunchScreen.xib; sourceTree = "<group>"; };
		7AF872861B59D19100F9E959 /* DrawTextTests.xctest */ = {isa = PBXFileReference; explicitFileType = wrapper.cfbundle; includeInIndex = 0; path = DrawTextTests.xctest; sourceTree = BUILT_PRODUCTS_DIR; };
		7AF8728B1B59D19100F9E959 /* Info.plist */ = {isa = PBXFileReference; lastKnownFileType = text.plist.xml; path = Info.plist; sourceTree = "<group>"; };
		7AF8728C1B59D19100F9E959 /* DrawTextTests.swift */ = {isa = PBXFileReference; lastKnownFileType = sourcecode.swift; path = DrawTextTests.swift; sourceTree = "<group>"; };
		7AF872961B5A248E00F9E959 /* NSString.swift */ = {isa = PBXFileReference; fileEncoding = 4; lastKnownFileType = sourcecode.swift; path = NSString.swift; sourceTree = "<group>"; };
/* End PBXFileReference section */

/* Begin PBXFrameworksBuildPhase section */
		7AF8726E1B59D19100F9E959 /* Frameworks */ = {
			isa = PBXFrameworksBuildPhase;
			buildActionMask = 2147483647;
			files = (
			);
			runOnlyForDeploymentPostprocessing = 0;
		};
		7AF872831B59D19100F9E959 /* Frameworks */ = {
			isa = PBXFrameworksBuildPhase;
			buildActionMask = 2147483647;
			files = (
			);
			runOnlyForDeploymentPostprocessing = 0;
		};
/* End PBXFrameworksBuildPhase section */

/* Begin PBXGroup section */
		7AF872681B59D19100F9E959 = {
			isa = PBXGroup;
			children = (
				7AF872731B59D19100F9E959 /* DrawText */,
				7AF872891B59D19100F9E959 /* DrawTextTests */,
				7AF872721B59D19100F9E959 /* Products */,
			);
			sourceTree = "<group>";
		};
		7AF872721B59D19100F9E959 /* Products */ = {
			isa = PBXGroup;
			children = (
				7AF872711B59D19100F9E959 /* DrawText.app */,
				7AF872861B59D19100F9E959 /* DrawTextTests.xctest */,
			);
			name = Products;
			sourceTree = "<group>";
		};
		7AF872731B59D19100F9E959 /* DrawText */ = {
			isa = PBXGroup;
			children = (
				7AF872761B59D19100F9E959 /* AppDelegate.swift */,
				7AF872781B59D19100F9E959 /* ViewController.swift */,
				7AF872961B5A248E00F9E959 /* NSString.swift */,
				7AF8727A1B59D19100F9E959 /* Main.storyboard */,
				7AF8727D1B59D19100F9E959 /* Images.xcassets */,
				7AF8727F1B59D19100F9E959 /* LaunchScreen.xib */,
				7AF872741B59D19100F9E959 /* Supporting Files */,
			);
			path = DrawText;
			sourceTree = "<group>";
		};
		7AF872741B59D19100F9E959 /* Supporting Files */ = {
			isa = PBXGroup;
			children = (
				7AF872751B59D19100F9E959 /* Info.plist */,
			);
			name = "Supporting Files";
			sourceTree = "<group>";
		};
		7AF872891B59D19100F9E959 /* DrawTextTests */ = {
			isa = PBXGroup;
			children = (
				7AF8728C1B59D19100F9E959 /* DrawTextTests.swift */,
				7AF8728A1B59D19100F9E959 /* Supporting Files */,
			);
			path = DrawTextTests;
			sourceTree = "<group>";
		};
		7AF8728A1B59D19100F9E959 /* Supporting Files */ = {
			isa = PBXGroup;
			children = (
				7AF8728B1B59D19100F9E959 /* Info.plist */,
			);
			name = "Supporting Files";
			sourceTree = "<group>";
		};
/* End PBXGroup section */

/* Begin PBXNativeTarget section */
		7AF872701B59D19100F9E959 /* DrawText */ = {
			isa = PBXNativeTarget;
			buildConfigurationList = 7AF872901B59D19100F9E959 /* Build configuration list for PBXNativeTarget "DrawText" */;
			buildPhases = (
				7AF8726D1B59D19100F9E959 /* Sources */,
				7AF8726E1B59D19100F9E959 /* Frameworks */,
				7AF8726F1B59D19100F9E959 /* Resources */,
			);
			buildRules = (
			);
			dependencies = (
			);
			name = DrawText;
			productName = DrawText;
			productReference = 7AF872711B59D19100F9E959 /* DrawText.app */;
			productType = "com.apple.product-type.application";
		};
		7AF872851B59D19100F9E959 /* DrawTextTests */ = {
			isa = PBXNativeTarget;
			buildConfigurationList = 7AF872931B59D19100F9E959 /* Build configuration list for PBXNativeTarget "DrawTextTests" */;
			buildPhases = (
				7AF872821B59D19100F9E959 /* Sources */,
				7AF872831B59D19100F9E959 /* Frameworks */,
				7AF872841B59D19100F9E959 /* Resources */,
			);
			buildRules = (
			);
			dependencies = (
				7AF872881B59D19100F9E959 /* PBXTargetDependency */,
			);
			name = DrawTextTests;
			productName = DrawTextTests;
			productReference = 7AF872861B59D19100F9E959 /* DrawTextTests.xctest */;
			productType = "com.apple.product-type.bundle.unit-test";
		};
/* End PBXNativeTarget section */

/* Begin PBXProject section */
		7AF872691B59D19100F9E959 /* Project object */ = {
			isa = PBXProject;
			attributes = {
				LastUpgradeCheck = 0630;
				ORGANIZATIONNAME = "Furuyama Takeshi";
				TargetAttributes = {
					7AF872701B59D19100F9E959 = {
						CreatedOnToolsVersion = 6.3;
					};
					7AF872851B59D19100F9E959 = {
						CreatedOnToolsVersion = 6.3;
						TestTargetID = 7AF872701B59D19100F9E959;
					};
				};
			};
			buildConfigurationList = 7AF8726C1B59D19100F9E959 /* Build configuration list for PBXProject "DrawText" */;
			compatibilityVersion = "Xcode 3.2";
			developmentRegion = English;
			hasScannedForEncodings = 0;
			knownRegions = (
				en,
				Base,
			);
			mainGroup = 7AF872681B59D19100F9E959;
			productRefGroup = 7AF872721B59D19100F9E959 /* Products */;
			projectDirPath = "";
			projectRoot = "";
			targets = (
				7AF872701B59D19100F9E959 /* DrawText */,
				7AF872851B59D19100F9E959 /* DrawTextTests */,
			);
		};
/* End PBXProject section */

/* Begin PBXResourcesBuildPhase section */
		7AF8726F1B59D19100F9E959 /* Resources */ = {
			isa = PBXResourcesBuildPhase;
			buildActionMask = 2147483647;
			files = (
				7AF8727C1B59D19100F9E959 /* Main.storyboard in Resources */,
				7AF872811B59D19100F9E959 /* LaunchScreen.xib in Resources */,
				7AF8727E1B59D19100F9E959 /* Images.xcassets in Resources */,
			);
			runOnlyForDeploymentPostprocessing = 0;
		};
		7AF872841B59D19100F9E959 /* Resources */ = {
			isa = PBXResourcesBuildPhase;
			buildActionMask = 2147483647;
			files = (
			);
			runOnlyForDeploymentPostprocessing = 0;
		};
/* End PBXResourcesBuildPhase section */

/* Begin PBXSourcesBuildPhase section */
		7AF8726D1B59D19100F9E959 /* Sources */ = {
			isa = PBXSourcesBuildPhase;
			buildActionMask = 2147483647;
			files = (
				7AF872791B59D19100F9E959 /* ViewController.swift in Sources */,
				7AF872971B5A248E00F9E959 /* NSString.swift in Sources */,
				7AF872771B59D19100F9E959 /* AppDelegate.swift in Sources */,
			);
			runOnlyForDeploymentPostprocessing = 0;
		};
		7AF872821B59D19100F9E959 /* Sources */ = {
			isa = PBXSourcesBuildPhase;
			buildActionMask = 2147483647;
			files = (
				7AF8728D1B59D19100F9E959 /* DrawTextTests.swift in Sources */,
			);
			runOnlyForDeploymentPostprocessing = 0;
		};
/* End PBXSourcesBuildPhase section */

/* Begin PBXTargetDependency section */
		7AF872881B59D19100F9E959 /* PBXTargetDependency */ = {
			isa = PBXTargetDependency;
			target = 7AF872701B59D19100F9E959 /* DrawText */;
			targetProxy = 7AF872871B59D19100F9E959 /* PBXContainerItemProxy */;
		};
/* End PBXTargetDependency section */

/* Begin PBXVariantGroup section */
		7AF8727A1B59D19100F9E959 /* Main.storyboard */ = {
			isa = PBXVariantGroup;
			children = (
				7AF8727B1B59D19100F9E959 /* Base */,
			);
			name = Main.storyboard;
			sourceTree = "<group>";
		};
		7AF8727F1B59D19100F9E959 /* LaunchScreen.xib */ = {
			isa = PBXVariantGroup;
			children = (
				7AF872801B59D19100F9E959 /* Base */,
			);
			name = LaunchScreen.xib;
			sourceTree = "<group>";
		};
/* End PBXVariantGroup section */

/* Begin XCBuildConfiguration section */
		7AF8728E1B59D19100F9E959 /* Debug */ = {
			isa = XCBuildConfiguration;
			buildSettings = {
				ALWAYS_SEARCH_USER_PATHS = NO;
				CLANG_CXX_LANGUAGE_STANDARD = "gnu++0x";
				CLANG_CXX_LIBRARY = "libc++";
				CLANG_ENABLE_MODULES = YES;
				CLANG_ENABLE_OBJC_ARC = YES;
				CLANG_WARN_BOOL_CONVERSION = YES;
				CLANG_WARN_CONSTANT_CONVERSION = YES;
				CLANG_WARN_DIRECT_OBJC_ISA_USAGE = YES_ERROR;
				CLANG_WARN_EMPTY_BODY = YES;
				CLANG_WARN_ENUM_CONVERSION = YES;
				CLANG_WARN_INT_CONVERSION = YES;
				CLANG_WARN_OBJC_ROOT_CLASS = YES_ERROR;
				CLANG_WARN_UNREACHABLE_CODE = YES;
				CLANG_WARN__DUPLICATE_METHOD_MATCH = YES;
				"CODE_SIGN_IDENTITY[sdk=iphoneos*]" = "iPhone Developer";
				COPY_PHASE_STRIP = NO;
				DEBUG_INFORMATION_FORMAT = "dwarf-with-dsym";
				ENABLE_STRICT_OBJC_MSGSEND = YES;
				GCC_C_LANGUAGE_STANDARD = gnu99;
				GCC_DYNAMIC_NO_PIC = NO;
				GCC_NO_COMMON_BLOCKS = YES;
				GCC_OPTIMIZATION_LEVEL = 0;
				GCC_PREPROCESSOR_DEFINITIONS = (
					"DEBUG=1",
					"$(inherited)",
				);
				GCC_SYMBOLS_PRIVATE_EXTERN = NO;
				GCC_WARN_64_TO_32_BIT_CONVERSION = YES;
				GCC_WARN_ABOUT_RETURN_TYPE = YES_ERROR;
				GCC_WARN_UNDECLARED_SELECTOR = YES;
				GCC_WARN_UNINITIALIZED_AUTOS = YES_AGGRESSIVE;
				GCC_WARN_UNUSED_FUNCTION = YES;
				GCC_WARN_UNUSED_VARIABLE = YES;
				IPHONEOS_DEPLOYMENT_TARGET = 8.3;
				MTL_ENABLE_DEBUG_INFO = YES;
				ONLY_ACTIVE_ARCH = YES;
				SDKROOT = iphoneos;
				SWIFT_OPTIMIZATION_LEVEL = "-Onone";
			};
			name = Debug;
		};
		7AF8728F1B59D19100F9E959 /* Release */ = {
			isa = XCBuildConfiguration;
			buildSettings = {
				ALWAYS_SEARCH_USER_PATHS = NO;
				CLANG_CXX_LANGUAGE_STANDARD = "gnu++0x";
				CLANG_CXX_LIBRARY = "libc++";
				CLANG_ENABLE_MODULES = YES;
				CLANG_ENABLE_OBJC_ARC = YES;
				CLANG_WARN_BOOL_CONVERSION = YES;
				CLANG_WARN_CONSTANT_CONVERSION = YES;
				CLANG_WARN_DIRECT_OBJC_ISA_USAGE = YES_ERROR;
				CLANG_WARN_EMPTY_BODY = YES;
				CLANG_WARN_ENUM_CONVERSION = YES;
				CLANG_WARN_INT_CONVERSION = YES;
				CLANG_WARN_OBJC_ROOT_CLASS = YES_ERROR;
				CLANG_WARN_UNREACHABLE_CODE = YES;
				CLANG_WARN__DUPLICATE_METHOD_MATCH = YES;
				"CODE_SIGN_IDENTITY[sdk=iphoneos*]" = "iPhone Developer";
				COPY_PHASE_STRIP = NO;
				DEBUG_INFORMATION_FORMAT = "dwarf-with-dsym";
				ENABLE_NS_ASSERTIONS = NO;
				ENABLE_STRICT_OBJC_MSGSEND = YES;
				GCC_C_LANGUAGE_STANDARD = gnu99;
				GCC_NO_COMMON_BLOCKS = YES;
				GCC_WARN_64_TO_32_BIT_CONVERSION = YES;
				GCC_WARN_ABOUT_RETURN_TYPE = YES_ERROR;
				GCC_WARN_UNDECLARED_SELECTOR = YES;
				GCC_WARN_UNINITIALIZED_AUTOS = YES_AGGRESSIVE;
				GCC_WARN_UNUSED_FUNCTION = YES;
				GCC_WARN_UNUSED_VARIABLE = YES;
				IPHONEOS_DEPLOYMENT_TARGET = 8.3;
				MTL_ENABLE_DEBUG_INFO = NO;
				SDKROOT = iphoneos;
				VALIDATE_PRODUCT = YES;
			};
			name = Release;
		};
		7AF872911B59D19100F9E959 /* Debug */ = {
			isa = XCBuildConfiguration;
			buildSettings = {
				ASSETCATALOG_COMPILER_APPICON_NAME = AppIcon;
				INFOPLIST_FILE = DrawText/Info.plist;
				LD_RUNPATH_SEARCH_PATHS = "$(inherited) @executable_path/Frameworks";
				PRODUCT_NAME = "$(TARGET_NAME)";
			};
			name = Debug;
		};
		7AF872921B59D19100F9E959 /* Release */ = {
			isa = XCBuildConfiguration;
			buildSettings = {
				ASSETCATALOG_COMPILER_APPICON_NAME = AppIcon;
				INFOPLIST_FILE = DrawText/Info.plist;
				LD_RUNPATH_SEARCH_PATHS = "$(inherited) @executable_path/Frameworks";
				PRODUCT_NAME = "$(TARGET_NAME)";
			};
			name = Release;
		};
		7AF872941B59D19100F9E959 /* Debug */ = {
			isa = XCBuildConfiguration;
			buildSettings = {
				BUNDLE_LOADER = "$(TEST_HOST)";
				FRAMEWORK_SEARCH_PATHS = (
					"$(SDKROOT)/Developer/Library/Frameworks",
					"$(inherited)",
				);
				GCC_PREPROCESSOR_DEFINITIONS = (
					"DEBUG=1",
					"$(inherited)",
				);
				INFOPLIST_FILE = DrawTextTests/Info.plist;
				LD_RUNPATH_SEARCH_PATHS = "$(inherited) @executable_path/Frameworks @loader_path/Frameworks";
				PRODUCT_NAME = "$(TARGET_NAME)";
				TEST_HOST = "$(BUILT_PRODUCTS_DIR)/DrawText.app/DrawText";
			};
			name = Debug;
		};
		7AF872951B59D19100F9E959 /* Release */ = {
			isa = XCBuildConfiguration;
			buildSettings = {
				BUNDLE_LOADER = "$(TEST_HOST)";
				FRAMEWORK_SEARCH_PATHS = (
					"$(SDKROOT)/Developer/Library/Frameworks",
					"$(inherited)",
				);
				INFOPLIST_FILE = DrawTextTests/Info.plist;
				LD_RUNPATH_SEARCH_PATHS = "$(inherited) @executable_path/Frameworks @loader_path/Frameworks";
				PRODUCT_NAME = "$(TARGET_NAME)";
				TEST_HOST = "$(BUILT_PRODUCTS_DIR)/DrawText.app/DrawText";
			};
			name = Release;
		};
/* End XCBuildConfiguration section */

/* Begin XCConfigurationList section */
		7AF8726C1B59D19100F9E959 /* Build configuration list for PBXProject "DrawText" */ = {
			isa = XCConfigurationList;
			buildConfigurations = (
				7AF8728E1B59D19100F9E959 /* Debug */,
				7AF8728F1B59D19100F9E959 /* Release */,
			);
			defaultConfigurationIsVisible = 0;
			defaultConfigurationName = Release;
		};
		7AF872901B59D19100F9E959 /* Build configuration list for PBXNativeTarget "DrawText" */ = {
			isa = XCConfigurationList;
			buildConfigurations = (
				7AF872911B59D19100F9E959 /* Debug */,
				7AF872921B59D19100F9E959 /* Release */,
			);
			defaultConfigurationIsVisible = 0;
		};
		7AF872931B59D19100F9E959 /* Build configuration list for PBXNativeTarget "DrawTextTests" */ = {
			isa = XCConfigurationList;
			buildConfigurations = (
				7AF872941B59D19100F9E959 /* Debug */,
				7AF872951B59D19100F9E959 /* Release */,
			);
			defaultConfigurationIsVisible = 0;
		};
/* End XCConfigurationList section */
	};
	rootObject = 7AF872691B59D19100F9E959 /* Project object */;
}
